
Microsoft Visual Studio Solution File, Format Version 12.00
# Visual Studio Version 16
VisualStudioVersion = 16.0.29613.14
MinimumVisualStudioVersion = 10.0.40219.1
Project("{FAE04EC0-301F-11D3-BF4B-00C04F79EFBC}") = "ProyectoTraducciones", "ProyectoTraducciones\ProyectoTraducciones.csproj", "{D9A4FC95-DD1E-4350-80A5-94B107C741A0}"
EndProject
Global
	GlobalSection(SolutionConfigurationPlatforms) = preSolution
		Debug|Any CPU = Debug|Any CPU
		Release|Any CPU = Release|Any CPU
	EndGlobalSection
	GlobalSection(ProjectConfigurationPlatforms) = postSolution
		{D9A4FC95-DD1E-4350-80A5-94B107C741A0}.Debug|Any CPU.ActiveCfg = Debug|Any CPU
		{D9A4FC95-DD1E-4350-80A5-94B107C741A0}.Debug|Any CPU.Build.0 = Debug|Any CPU
		{D9A4FC95-DD1E-4350-80A5-94B107C741A0}.Release|Any CPU.ActiveCfg = Release|Any CPU
		{D9A4FC95-DD1E-4350-80A5-94B107C741A0}.Release|Any CPU.Build.0 = Release|Any CPU
	EndGlobalSection
	GlobalSection(SolutionProperties) = preSolution
		HideSolutionNode = FALSE
	EndGlobalSection
	GlobalSection(ExtensibilityGlobals) = postSolution
		SolutionGuid = {0EFEBB4D-C447-4601-A267-9AE312AF9100}
	EndGlobalSection
EndGlobal
